// !$*UTF8*$!
{
	archiveVersion = 1;
	classes = {
	};
	objectVersion = 46;
	objects = {

/* Begin PBXBuildFile section */
		BE6C0C8D1F515969000218E8 /* main.m in Sources */ = {isa = PBXBuildFile; fileRef = BE6C0C8C1F515969000218E8 /* main.m */; };
		BE6C0C901F515969000218E8 /* AppDelegate.m in Sources */ = {isa = PBXBuildFile; fileRef = BE6C0C8F1F515969000218E8 /* AppDelegate.m */; };
		BE6C0C931F515969000218E8 /* ViewController.m in Sources */ = {isa = PBXBuildFile; fileRef = BE6C0C921F515969000218E8 /* ViewController.m */; };
		BE6C0C961F515969000218E8 /* Main.storyboard in Resources */ = {isa = PBXBuildFile; fileRef = BE6C0C941F515969000218E8 /* Main.storyboard */; };
		BE6C0C981F515969000218E8 /* Assets.xcassets in Resources */ = {isa = PBXBuildFile; fileRef = BE6C0C971F515969000218E8 /* Assets.xcassets */; };
		BE6C0C9B1F515969000218E8 /* LaunchScreen.storyboard in Resources */ = {isa = PBXBuildFile; fileRef = BE6C0C991F515969000218E8 /* LaunchScreen.storyboard */; };
		BE6C0CA41F5159AF000218E8 /* BViewController.m in Sources */ = {isa = PBXBuildFile; fileRef = BE6C0CA31F5159AF000218E8 /* BViewController.m */; };
/* End PBXBuildFile section */

/* Begin PBXFileReference section */
		BE6C0C881F515969000218E8 /* pushValueDemo.app */ = {isa = PBXFileReference; explicitFileType = wrapper.application; includeInIndex = 0; path = pushValueDemo.app; sourceTree = BUILT_PRODUCTS_DIR; };
		BE6C0C8C1F515969000218E8 /* main.m */ = {isa = PBXFileReference; lastKnownFileType = sourcecode.c.objc; path = main.m; sourceTree = "<group>"; };
		BE6C0C8E1F515969000218E8 /* AppDelegate.h */ = {isa = PBXFileReference; lastKnownFileType = sourcecode.c.h; path = AppDelegate.h; sourceTree = "<group>"; };
		BE6C0C8F1F515969000218E8 /* AppDelegate.m */ = {isa = PBXFileReference; lastKnownFileType = sourcecode.c.objc; path = AppDelegate.m; sourceTree = "<group>"; };
		BE6C0C911F515969000218E8 /* ViewController.h */ = {isa = PBXFileReference; lastKnownFileType = sourcecode.c.h; path = ViewController.h; sourceTree = "<group>"; };
		BE6C0C921F515969000218E8 /* ViewController.m */ = {isa = PBXFileReference; lastKnownFileType = sourcecode.c.objc; path = ViewController.m; sourceTree = "<group>"; };
		BE6C0C951F515969000218E8 /* Base */ = {isa = PBXFileReference; lastKnownFileType = file.storyboard; name = Base; path = Base.lproj/Main.storyboard; sourceTree = "<group>"; };
		BE6C0C971F515969000218E8 /* Assets.xcassets */ = {isa = PBXFileReference; lastKnownFileType = folder.assetcatalog; path = Assets.xcassets; sourceTree = "<group>"; };
		BE6C0C9A1F515969000218E8 /* Base */ = {isa = PBXFileReference; lastKnownFileType = file.storyboard; name = Base; path = Base.lproj/LaunchScreen.storyboard; sourceTree = "<group>"; };
		BE6C0C9C1F515969000218E8 /* Info.plist */ = {isa = PBXFileReference; lastKnownFileType = text.plist.xml; path = Info.plist; sourceTree = "<group>"; };
		BE6C0CA21F5159AF000218E8 /* BViewController.h */ = {isa = PBXFileReference; fileEncoding = 4; lastKnownFileType = sourcecode.c.h; path = BViewController.h; sourceTree = "<group>"; };
		BE6C0CA31F5159AF000218E8 /* BViewController.m */ = {isa = PBXFileReference; fileEncoding = 4; lastKnownFileType = sourcecode.c.objc; path = BViewController.m; sourceTree = "<group>"; };
/* End PBXFileReference section */

/* Begin PBXFrameworksBuildPhase section */
		BE6C0C851F515969000218E8 /* Frameworks */ = {
			isa = PBXFrameworksBuildPhase;
			buildActionMask = 2147483647;
			files = (
			);
			runOnlyForDeploymentPostprocessing = 0;
		};
/* End PBXFrameworksBuildPhase section */

/* Begin PBXGroup section */
		BE6C0C7F1F515969000218E8 = {
			isa = PBXGroup;
			children = (
				BE6C0C8A1F515969000218E8 /* pushValueDemo */,
				BE6C0C891F515969000218E8 /* Products */,
			);
			sourceTree = "<group>";
		};
		BE6C0C891F515969000218E8 /* Products */ = {
			isa = PBXGroup;
			children = (
				BE6C0C881F515969000218E8 /* pushValueDemo.app */,
			);
			name = Products;
			sourceTree = "<group>";
		};
		BE6C0C8A1F515969000218E8 /* pushValueDemo */ = {
			isa = PBXGroup;
			children = (
				BE6C0C8E1F515969000218E8 /* AppDelegate.h */,
				BE6C0C8F1F515969000218E8 /* AppDelegate.m */,
				BE6C0C911F515969000218E8 /* ViewController.h */,
				BE6C0C921F515969000218E8 /* ViewController.m */,
				BE6C0CA21F5159AF000218E8 /* BViewController.h */,
				BE6C0CA31F5159AF000218E8 /* BViewController.m */,
				BE6C0C941F515969000218E8 /* Main.storyboard */,
				BE6C0C971F515969000218E8 /* Assets.xcassets */,
				BE6C0C991F515969000218E8 /* LaunchScreen.storyboard */,
				BE6C0C9C1F515969000218E8 /* Info.plist */,
				BE6C0C8B1F515969000218E8 /* Supporting Files */,
			);
			path = pushValueDemo;
			sourceTree = "<group>";
		};
		BE6C0C8B1F515969000218E8 /* Supporting Files */ = {
			isa = PBXGroup;
			children = (
				BE6C0C8C1F515969000218E8 /* main.m */,
			);
			name = "Supporting Files";
			sourceTree = "<group>";
		};
/* End PBXGroup section */

/* Begin PBXNativeTarget section */
		BE6C0C871F515969000218E8 /* pushValueDemo */ = {
			isa = PBXNativeTarget;
			buildConfigurationList = BE6C0C9F1F515969000218E8 /* Build configuration list for PBXNativeTarget "pushValueDemo" */;
			buildPhases = (
				BE6C0C841F515969000218E8 /* Sources */,
				BE6C0C851F515969000218E8 /* Frameworks */,
				BE6C0C861F515969000218E8 /* Resources */,
			);
			buildRules = (
			);
			dependencies = (
			);
			name = pushValueDemo;
			productName = pushValueDemo;
			productReference = BE6C0C881F515969000218E8 /* pushValueDemo.app */;
			productType = "com.apple.product-type.application";
		};
/* End PBXNativeTarget section */

/* Begin PBXProject section */
		BE6C0C801F515969000218E8 /* Project object */ = {
			isa = PBXProject;
			attributes = {
				LastUpgradeCheck = 0830;
				ORGANIZATIONNAME = YW;
				TargetAttributes = {
					BE6C0C871F515969000218E8 = {
						CreatedOnToolsVersion = 8.3.3;
						ProvisioningStyle = Automatic;
					};
				};
			};
			buildConfigurationList = BE6C0C831F515969000218E8 /* Build configuration list for PBXProject "pushValueDemo" */;
			compatibilityVersion = "Xcode 3.2";
			developmentRegion = English;
			hasScannedForEncodings = 0;
			knownRegions = (
				en,
				Base,
			);
			mainGroup = BE6C0C7F1F515969000218E8;
			productRefGroup = BE6C0C891F515969000218E8 /* Products */;
			projectDirPath = "";
			projectRoot = "";
			targets = (
				BE6C0C871F515969000218E8 /* pushValueDemo */,
			);
		};
/* End PBXProject section */

/* Begin PBXResourcesBuildPhase section */
		BE6C0C861F515969000218E8 /* Resources */ = {
			isa = PBXResourcesBuildPhase;
			buildActionMask = 2147483647;
			files = (
				BE6C0C9B1F515969000218E8 /* LaunchScreen.storyboard in Resources */,
				BE6C0C981F515969000218E8 /* Assets.xcassets in Resources */,
				BE6C0C961F515969000218E8 /* Main.storyboard in Resources */,
			);
			runOnlyForDeploymentPostprocessing = 0;
		};
/* End PBXResourcesBuildPhase section */

/* Begin PBXSourcesBuildPhase section */
		BE6C0C841F515969000218E8 /* Sources */ = {
			isa = PBXSourcesBuildPhase;
			buildActionMask = 2147483647;
			files = (
				BE6C0C931F515969000218E8 /* ViewController.m in Sources */,
				BE6C0CA41F5159AF000218E8 /* BViewController.m in Sources */,
				BE6C0C901F515969000218E8 /* AppDelegate.m in Sources */,
				BE6C0C8D1F515969000218E8 /* main.m in Sources */,
			);
			runOnlyForDeploymentPostprocessing = 0;
		};
/* End PBXSourcesBuildPhase section */

/* Begin PBXVariantGroup section */
		BE6C0C941F515969000218E8 /* Main.storyboard */ = {
			isa = PBXVariantGroup;
			children = (
				BE6C0C951F515969000218E8 /* Base */,
			);
			name = Main.storyboard;
			sourceTree = "<group>";
		};
		BE6C0C991F515969000218E8 /* LaunchScreen.storyboard */ = {
			isa = PBXVariantGroup;
			children = (
				BE6C0C9A1F515969000218E8 /* Base */,
			);
			name = LaunchScreen.storyboard;
			sourceTree = "<group>";
		};
/* End PBXVariantGroup section */

/* Begin XCBuildConfiguration section */
		BE6C0C9D1F515969000218E8 /* Debug */ = {
			isa = XCBuildConfiguration;
			buildSettings = {
				ALWAYS_SEARCH_USER_PATHS = NO;
				CLANG_ANALYZER_NONNULL = YES;
				CLANG_ANALYZER_NUMBER_OBJECT_CONVERSION = YES_AGGRESSIVE;
				CLANG_CXX_LANGUAGE_STANDARD = "gnu++0x";
				CLANG_CXX_LIBRARY = "libc++";
				CLANG_ENABLE_MODULES = YES;
				CLANG_ENABLE_OBJC_ARC = YES;
				CLANG_WARN_BOOL_CONVERSION = YES;
				CLANG_WARN_CONSTANT_CONVERSION = YES;
				CLANG_WARN_DIRECT_OBJC_ISA_USAGE = YES_ERROR;
				CLANG_WARN_DOCUMENTATION_COMMENTS = YES;
				CLANG_WARN_EMPTY_BODY = YES;
				CLANG_WARN_ENUM_CONVERSION = YES;
				CLANG_WARN_INFINITE_RECURSION = YES;
				CLANG_WARN_INT_CONVERSION = YES;
				CLANG_WARN_OBJC_ROOT_CLASS = YES_ERROR;
				CLANG_WARN_SUSPICIOUS_MOVE = YES;
				CLANG_WARN_UNREACHABLE_CODE = YES;
				CLANG_WARN__DUPLICATE_METHOD_MATCH = YES;
				"CODE_SIGN_IDENTITY[sdk=iphoneos*]" = "iPhone Developer";
				COPY_PHASE_STRIP = NO;
				DEBUG_INFORMATION_FORMAT = dwarf;
				ENABLE_STRICT_OBJC_MSGSEND = YES;
				ENABLE_TESTABILITY = YES;
				GCC_C_LANGUAGE_STANDARD = gnu99;
				GCC_DYNAMIC_NO_PIC = NO;
				GCC_NO_COMMON_BLOCKS = YES;
				GCC_OPTIMIZATION_LEVEL = 0;
				GCC_PREPROCESSOR_DEFINITIONS = (
					"DEBUG=1",
					"$(inherited)",
				);
				GCC_WARN_64_TO_32_BIT_CONVERSION = YES;
				GCC_WARN_ABOUT_RETURN_TYPE = YES_ERROR;
				GCC_WARN_UNDECLARED_SELECTOR = YES;
				GCC_WARN_UNINITIALIZED_AUTOS = YES_AGGRESSIVE;
				GCC_WARN_UNUSED_FUNCTION = YES;
				GCC_WARN_UNUSED_VARIABLE = YES;
				IPHONEOS_DEPLOYMENT_TARGET = 10.3;
				MTL_ENABLE_DEBUG_INFO = YES;
				ONLY_ACTIVE_ARCH = YES;
				SDKROOT = iphoneos;
			};
			name = Debug;
		};
		BE6C0C9E1F515969000218E8 /* Release */ = {
			isa = XCBuildConfiguration;
			buildSettings = {
				ALWAYS_SEARCH_USER_PATHS = NO;
				CLANG_ANALYZER_NONNULL = YES;
				CLANG_ANALYZER_NUMBER_OBJECT_CONVERSION = YES_AGGRESSIVE;
				CLANG_CXX_LANGUAGE_STANDARD = "gnu++0x";
				CLANG_CXX_LIBRARY = "libc++";
				CLANG_ENABLE_MODULES = YES;
				CLANG_ENABLE_OBJC_ARC = YES;
				CLANG_WARN_BOOL_CONVERSION = YES;
				CLANG_WARN_CONSTANT_CONVERSION = YES;
				CLANG_WARN_DIRECT_OBJC_ISA_USAGE = YES_ERROR;
				CLANG_WARN_DOCUMENTATION_COMMENTS = YES;
				CLANG_WARN_EMPTY_BODY = YES;
				CLANG_WARN_ENUM_CONVERSION = YES;
				CLANG_WARN_INFINITE_RECURSION = YES;
				CLANG_WARN_INT_CONVERSION = YES;
				CLANG_WARN_OBJC_ROOT_CLASS = YES_ERROR;
				CLANG_WARN_SUSPICIOUS_MOVE = YES;
				CLANG_WARN_UNREACHABLE_CODE = YES;
				CLANG_WARN__DUPLICATE_METHOD_MATCH = YES;
				"CODE_SIGN_IDENTITY[sdk=iphoneos*]" = "iPhone Developer";
				COPY_PHASE_STRIP = NO;
				DEBUG_INFORMATION_FORMAT = "dwarf-with-dsym";
				ENABLE_NS_ASSERTIONS = NO;
				ENABLE_STRICT_OBJC_MSGSEND = YES;
				GCC_C_LANGUAGE_STANDARD = gnu99;
				GCC_NO_COMMON_BLOCKS = YES;
				GCC_WARN_64_TO_32_BIT_CONVERSION = YES;
				GCC_WARN_ABOUT_RETURN_TYPE = YES_ERROR;
				GCC_WARN_UNDECLARED_SELECTOR = YES;
				GCC_WARN_UNINITIALIZED_AUTOS = YES_AGGRESSIVE;
				GCC_WARN_UNUSED_FUNCTION = YES;
				GCC_WARN_UNUSED_VARIABLE = YES;
				IPHONEOS_DEPLOYMENT_TARGET = 10.3;
				MTL_ENABLE_DEBUG_INFO = NO;
				SDKROOT = iphoneos;
				VALIDATE_PRODUCT = YES;
			};
			name = Release;
		};
		BE6C0CA01F515969000218E8 /* Debug */ = {
			isa = XCBuildConfiguration;
			buildSettings = {
				ASSETCATALOG_COMPILER_APPICON_NAME = AppIcon;
				INFOPLIST_FILE = pushValueDemo/Info.plist;
				IPHONEOS_DEPLOYMENT_TARGET = 8.1;
				LD_RUNPATH_SEARCH_PATHS = "$(inherited) @executable_path/Frameworks";
				PRODUCT_BUNDLE_IDENTIFIER = www.ewin.YW.pushValueDemo;
				PRODUCT_NAME = "$(TARGET_NAME)";
			};
			name = Debug;
		};
		BE6C0CA11F515969000218E8 /* Release */ = {
			isa = XCBuildConfiguration;
			buildSettings = {
				ASSETCATALOG_COMPILER_APPICON_NAME = AppIcon;
				INFOPLIST_FILE = pushValueDemo/Info.plist;
				IPHONEOS_DEPLOYMENT_TARGET = 8.1;
				LD_RUNPATH_SEARCH_PATHS = "$(inherited) @executable_path/Frameworks";
				PRODUCT_BUNDLE_IDENTIFIER = www.ewin.YW.pushValueDemo;
				PRODUCT_NAME = "$(TARGET_NAME)";
			};
			name = Release;
		};
/* End XCBuildConfiguration section */

/* Begin XCConfigurationList section */
		BE6C0C831F515969000218E8 /* Build configuration list for PBXProject "pushValueDemo" */ = {
			isa = XCConfigurationList;
			buildConfigurations = (
				BE6C0C9D1F515969000218E8 /* Debug */,
				BE6C0C9E1F515969000218E8 /* Release */,
			);
			defaultConfigurationIsVisible = 0;
			defaultConfigurationName = Release;
		};
		BE6C0C9F1F515969000218E8 /* Build configuration list for PBXNativeTarget "pushValueDemo" */ = {
			isa = XCConfigurationList;
			buildConfigurations = (
				BE6C0CA01F515969000218E8 /* Debug */,
				BE6C0CA11F515969000218E8 /* Release */,
			);
			defaultConfigurationIsVisible = 0;
		};
/* End XCConfigurationList section */
	};
	rootObject = BE6C0C801F515969000218E8 /* Project object */;
}
